
Microsoft Visual Studio Solution File, Format Version 12.00
# Visual Studio 14
VisualStudioVersion = 14.0.24720.0
MinimumVisualStudioVersion = 10.0.40219.1
Project("{FAE04EC0-301F-11D3-BF4B-00C04F79EFBC}") = "LineRipper", "LineRipper\LineRipper.csproj", "{CEF153E7-F921-4891-9EFB-05B551F00C4A}"
EndProject
Project("{2150E333-8FDC-42A3-9474-1A3956D46DE8}") = "Solution Items", "Solution Items", "{557696CA-585D-4BD4-BD3C-3E5B0AD56C1D}"
	ProjectSection(SolutionItems) = preProject
		Rebracer.xml = Rebracer.xml
	EndProjectSection
EndProject
Global
	GlobalSection(SolutionConfigurationPlatforms) = preSolution
		Debug|Any CPU = Debug|Any CPU
		Release|Any CPU = Release|Any CPU
	EndGlobalSection
	GlobalSection(ProjectConfigurationPlatforms) = postSolution
		{CEF153E7-F921-4891-9EFB-05B551F00C4A}.Debug|Any CPU.ActiveCfg = Debug|Any CPU
		{CEF153E7-F921-4891-9EFB-05B551F00C4A}.Debug|Any CPU.Build.0 = Debug|Any CPU
		{CEF153E7-F921-4891-9EFB-05B551F00C4A}.Release|Any CPU.ActiveCfg = Release|Any CPU
		{CEF153E7-F921-4891-9EFB-05B551F00C4A}.Release|Any CPU.Build.0 = Release|Any CPU
	EndGlobalSection
	GlobalSection(SolutionProperties) = preSolution
		HideSolutionNode = FALSE
	EndGlobalSection
EndGlobal
